// !$*UTF8*$!
{
	archiveVersion = 1;
	classes = {
	};
	objectVersion = 46;
	objects = {

/* Begin PBXBuildFile section */
		247A28751CBBF00E00B36879 /* AppDelegate.swift in Sources */ = {isa = PBXBuildFile; fileRef = 247A28741CBBF00E00B36879 /* AppDelegate.swift */; };
		247A28771CBBF00E00B36879 /* ViewController.swift in Sources */ = {isa = PBXBuildFile; fileRef = 247A28761CBBF00E00B36879 /* ViewController.swift */; };
		247A287A1CBBF00E00B36879 /* Main.storyboard in Resources */ = {isa = PBXBuildFile; fileRef = 247A28781CBBF00E00B36879 /* Main.storyboard */; };
		247A287C1CBBF00E00B36879 /* Assets.xcassets in Resources */ = {isa = PBXBuildFile; fileRef = 247A287B1CBBF00E00B36879 /* Assets.xcassets */; };
		247A287F1CBBF00E00B36879 /* LaunchScreen.storyboard in Resources */ = {isa = PBXBuildFile; fileRef = 247A287D1CBBF00E00B36879 /* LaunchScreen.storyboard */; };
		247A288A1CBBF00E00B36879 /* AppFirstTests.swift in Sources */ = {isa = PBXBuildFile; fileRef = 247A28891CBBF00E00B36879 /* AppFirstTests.swift */; };
		247A28951CBBF00E00B36879 /* AppFirstUITests.swift in Sources */ = {isa = PBXBuildFile; fileRef = 247A28941CBBF00E00B36879 /* AppFirstUITests.swift */; };
/* End PBXBuildFile section */

/* Begin PBXContainerItemProxy section */
		247A28861CBBF00E00B36879 /* PBXContainerItemProxy */ = {
			isa = PBXContainerItemProxy;
			containerPortal = 247A28691CBBF00D00B36879 /* Project object */;
			proxyType = 1;
			remoteGlobalIDString = 247A28701CBBF00E00B36879;
			remoteInfo = AppFirst;
		};
		247A28911CBBF00E00B36879 /* PBXContainerItemProxy */ = {
			isa = PBXContainerItemProxy;
			containerPortal = 247A28691CBBF00D00B36879 /* Project object */;
			proxyType = 1;
			remoteGlobalIDString = 247A28701CBBF00E00B36879;
			remoteInfo = AppFirst;
		};
/* End PBXContainerItemProxy section */

/* Begin PBXFileReference section */
		247A28711CBBF00E00B36879 /* AppFirst.app */ = {isa = PBXFileReference; explicitFileType = wrapper.application; includeInIndex = 0; path = AppFirst.app; sourceTree = BUILT_PRODUCTS_DIR; };
		247A28741CBBF00E00B36879 /* AppDelegate.swift */ = {isa = PBXFileReference; lastKnownFileType = sourcecode.swift; path = AppDelegate.swift; sourceTree = "<group>"; };
		247A28761CBBF00E00B36879 /* ViewController.swift */ = {isa = PBXFileReference; lastKnownFileType = sourcecode.swift; path = ViewController.swift; sourceTree = "<group>"; };
		247A28791CBBF00E00B36879 /* Base */ = {isa = PBXFileReference; lastKnownFileType = file.storyboard; name = Base; path = Base.lproj/Main.storyboard; sourceTree = "<group>"; };
		247A287B1CBBF00E00B36879 /* Assets.xcassets */ = {isa = PBXFileReference; lastKnownFileType = folder.assetcatalog; path = Assets.xcassets; sourceTree = "<group>"; };
		247A287E1CBBF00E00B36879 /* Base */ = {isa = PBXFileReference; lastKnownFileType = file.storyboard; name = Base; path = Base.lproj/LaunchScreen.storyboard; sourceTree = "<group>"; };
		247A28801CBBF00E00B36879 /* Info.plist */ = {isa = PBXFileReference; lastKnownFileType = text.plist.xml; path = Info.plist; sourceTree = "<group>"; };
		247A28851CBBF00E00B36879 /* AppFirstTests.xctest */ = {isa = PBXFileReference; explicitFileType = wrapper.cfbundle; includeInIndex = 0; path = AppFirstTests.xctest; sourceTree = BUILT_PRODUCTS_DIR; };
		247A28891CBBF00E00B36879 /* AppFirstTests.swift */ = {isa = PBXFileReference; lastKnownFileType = sourcecode.swift; path = AppFirstTests.swift; sourceTree = "<group>"; };
		247A288B1CBBF00E00B36879 /* Info.plist */ = {isa = PBXFileReference; lastKnownFileType = text.plist.xml; path = Info.plist; sourceTree = "<group>"; };
		247A28901CBBF00E00B36879 /* AppFirstUITests.xctest */ = {isa = PBXFileReference; explicitFileType = wrapper.cfbundle; includeInIndex = 0; path = AppFirstUITests.xctest; sourceTree = BUILT_PRODUCTS_DIR; };
		247A28941CBBF00E00B36879 /* AppFirstUITests.swift */ = {isa = PBXFileReference; lastKnownFileType = sourcecode.swift; path = AppFirstUITests.swift; sourceTree = "<group>"; };
		247A28961CBBF00E00B36879 /* Info.plist */ = {isa = PBXFileReference; lastKnownFileType = text.plist.xml; path = Info.plist; sourceTree = "<group>"; };
/* End PBXFileReference section */

/* Begin PBXFrameworksBuildPhase section */
		247A286E1CBBF00E00B36879 /* Frameworks */ = {
			isa = PBXFrameworksBuildPhase;
			buildActionMask = 2147483647;
			files = (
			);
			runOnlyForDeploymentPostprocessing = 0;
		};
		247A28821CBBF00E00B36879 /* Frameworks */ = {
			isa = PBXFrameworksBuildPhase;
			buildActionMask = 2147483647;
			files = (
			);
			runOnlyForDeploymentPostprocessing = 0;
		};
		247A288D1CBBF00E00B36879 /* Frameworks */ = {
			isa = PBXFrameworksBuildPhase;
			buildActionMask = 2147483647;
			files = (
			);
			runOnlyForDeploymentPostprocessing = 0;
		};
/* End PBXFrameworksBuildPhase section */

/* Begin PBXGroup section */
		247A28681CBBF00D00B36879 = {
			isa = PBXGroup;
			children = (
				247A28731CBBF00E00B36879 /* AppFirst */,
				247A28881CBBF00E00B36879 /* AppFirstTests */,
				247A28931CBBF00E00B36879 /* AppFirstUITests */,
				247A28721CBBF00E00B36879 /* Products */,
			);
			sourceTree = "<group>";
		};
		247A28721CBBF00E00B36879 /* Products */ = {
			isa = PBXGroup;
			children = (
				247A28711CBBF00E00B36879 /* AppFirst.app */,
				247A28851CBBF00E00B36879 /* AppFirstTests.xctest */,
				247A28901CBBF00E00B36879 /* AppFirstUITests.xctest */,
			);
			name = Products;
			sourceTree = "<group>";
		};
		247A28731CBBF00E00B36879 /* AppFirst */ = {
			isa = PBXGroup;
			children = (
				247A28741CBBF00E00B36879 /* AppDelegate.swift */,
				247A28761CBBF00E00B36879 /* ViewController.swift */,
				247A28781CBBF00E00B36879 /* Main.storyboard */,
				247A287B1CBBF00E00B36879 /* Assets.xcassets */,
				247A287D1CBBF00E00B36879 /* LaunchScreen.storyboard */,
				247A28801CBBF00E00B36879 /* Info.plist */,
			);
			path = AppFirst;
			sourceTree = "<group>";
		};
		247A28881CBBF00E00B36879 /* AppFirstTests */ = {
			isa = PBXGroup;
			children = (
				247A28891CBBF00E00B36879 /* AppFirstTests.swift */,
				247A288B1CBBF00E00B36879 /* Info.plist */,
			);
			path = AppFirstTests;
			sourceTree = "<group>";
		};
		247A28931CBBF00E00B36879 /* AppFirstUITests */ = {
			isa = PBXGroup;
			children = (
				247A28941CBBF00E00B36879 /* AppFirstUITests.swift */,
				247A28961CBBF00E00B36879 /* Info.plist */,
			);
			path = AppFirstUITests;
			sourceTree = "<group>";
		};
/* End PBXGroup section */

/* Begin PBXNativeTarget section */
		247A28701CBBF00E00B36879 /* AppFirst */ = {
			isa = PBXNativeTarget;
			buildConfigurationList = 247A28991CBBF00E00B36879 /* Build configuration list for PBXNativeTarget "AppFirst" */;
			buildPhases = (
				247A286D1CBBF00E00B36879 /* Sources */,
				247A286E1CBBF00E00B36879 /* Frameworks */,
				247A286F1CBBF00E00B36879 /* Resources */,
			);
			buildRules = (
			);
			dependencies = (
			);
			name = AppFirst;
			productName = AppFirst;
			productReference = 247A28711CBBF00E00B36879 /* AppFirst.app */;
			productType = "com.apple.product-type.application";
		};
		247A28841CBBF00E00B36879 /* AppFirstTests */ = {
			isa = PBXNativeTarget;
			buildConfigurationList = 247A289C1CBBF00E00B36879 /* Build configuration list for PBXNativeTarget "AppFirstTests" */;
			buildPhases = (
				247A28811CBBF00E00B36879 /* Sources */,
				247A28821CBBF00E00B36879 /* Frameworks */,
				247A28831CBBF00E00B36879 /* Resources */,
			);
			buildRules = (
			);
			dependencies = (
				247A28871CBBF00E00B36879 /* PBXTargetDependency */,
			);
			name = AppFirstTests;
			productName = AppFirstTests;
			productReference = 247A28851CBBF00E00B36879 /* AppFirstTests.xctest */;
			productType = "com.apple.product-type.bundle.unit-test";
		};
		247A288F1CBBF00E00B36879 /* AppFirstUITests */ = {
			isa = PBXNativeTarget;
			buildConfigurationList = 247A289F1CBBF00E00B36879 /* Build configuration list for PBXNativeTarget "AppFirstUITests" */;
			buildPhases = (
				247A288C1CBBF00E00B36879 /* Sources */,
				247A288D1CBBF00E00B36879 /* Frameworks */,
				247A288E1CBBF00E00B36879 /* Resources */,
			);
			buildRules = (
			);
			dependencies = (
				247A28921CBBF00E00B36879 /* PBXTargetDependency */,
			);
			name = AppFirstUITests;
			productName = AppFirstUITests;
			productReference = 247A28901CBBF00E00B36879 /* AppFirstUITests.xctest */;
			productType = "com.apple.product-type.bundle.ui-testing";
		};
/* End PBXNativeTarget section */

/* Begin PBXProject section */
		247A28691CBBF00D00B36879 /* Project object */ = {
			isa = PBXProject;
			attributes = {
				LastSwiftUpdateCheck = 0730;
				LastUpgradeCheck = 0730;
				ORGANIZATIONNAME = landin;
				TargetAttributes = {
					247A28701CBBF00E00B36879 = {
						CreatedOnToolsVersion = 7.3;
					};
					247A28841CBBF00E00B36879 = {
						CreatedOnToolsVersion = 7.3;
						TestTargetID = 247A28701CBBF00E00B36879;
					};
					247A288F1CBBF00E00B36879 = {
						CreatedOnToolsVersion = 7.3;
						TestTargetID = 247A28701CBBF00E00B36879;
					};
				};
			};
			buildConfigurationList = 247A286C1CBBF00D00B36879 /* Build configuration list for PBXProject "AppFirst" */;
			compatibilityVersion = "Xcode 3.2";
			developmentRegion = English;
			hasScannedForEncodings = 0;
			knownRegions = (
				en,
				Base,
			);
			mainGroup = 247A28681CBBF00D00B36879;
			productRefGroup = 247A28721CBBF00E00B36879 /* Products */;
			projectDirPath = "";
			projectRoot = "";
			targets = (
				247A28701CBBF00E00B36879 /* AppFirst */,
				247A28841CBBF00E00B36879 /* AppFirstTests */,
				247A288F1CBBF00E00B36879 /* AppFirstUITests */,
			);
		};
/* End PBXProject section */

/* Begin PBXResourcesBuildPhase section */
		247A286F1CBBF00E00B36879 /* Resources */ = {
			isa = PBXResourcesBuildPhase;
			buildActionMask = 2147483647;
			files = (
				247A287F1CBBF00E00B36879 /* LaunchScreen.storyboard in Resources */,
				247A287C1CBBF00E00B36879 /* Assets.xcassets in Resources */,
				247A287A1CBBF00E00B36879 /* Main.storyboard in Resources */,
			);
			runOnlyForDeploymentPostprocessing = 0;
		};
		247A28831CBBF00E00B36879 /* Resources */ = {
			isa = PBXResourcesBuildPhase;
			buildActionMask = 2147483647;
			files = (
			);
			runOnlyForDeploymentPostprocessing = 0;
		};
		247A288E1CBBF00E00B36879 /* Resources */ = {
			isa = PBXResourcesBuildPhase;
			buildActionMask = 2147483647;
			files = (
			);
			runOnlyForDeploymentPostprocessing = 0;
		};
/* End PBXResourcesBuildPhase section */

/* Begin PBXSourcesBuildPhase section */
		247A286D1CBBF00E00B36879 /* Sources */ = {
			isa = PBXSourcesBuildPhase;
			buildActionMask = 2147483647;
			files = (
				247A28771CBBF00E00B36879 /* ViewController.swift in Sources */,
				247A28751CBBF00E00B36879 /* AppDelegate.swift in Sources */,
			);
			runOnlyForDeploymentPostprocessing = 0;
		};
		247A28811CBBF00E00B36879 /* Sources */ = {
			isa = PBXSourcesBuildPhase;
			buildActionMask = 2147483647;
			files = (
				247A288A1CBBF00E00B36879 /* AppFirstTests.swift in Sources */,
			);
			runOnlyForDeploymentPostprocessing = 0;
		};
		247A288C1CBBF00E00B36879 /* Sources */ = {
			isa = PBXSourcesBuildPhase;
			buildActionMask = 2147483647;
			files = (
				247A28951CBBF00E00B36879 /* AppFirstUITests.swift in Sources */,
			);
			runOnlyForDeploymentPostprocessing = 0;
		};
/* End PBXSourcesBuildPhase section */

/* Begin PBXTargetDependency section */
		247A28871CBBF00E00B36879 /* PBXTargetDependency */ = {
			isa = PBXTargetDependency;
			target = 247A28701CBBF00E00B36879 /* AppFirst */;
			targetProxy = 247A28861CBBF00E00B36879 /* PBXContainerItemProxy */;
		};
		247A28921CBBF00E00B36879 /* PBXTargetDependency */ = {
			isa = PBXTargetDependency;
			target = 247A28701CBBF00E00B36879 /* AppFirst */;
			targetProxy = 247A28911CBBF00E00B36879 /* PBXContainerItemProxy */;
		};
/* End PBXTargetDependency section */

/* Begin PBXVariantGroup section */
		247A28781CBBF00E00B36879 /* Main.storyboard */ = {
			isa = PBXVariantGroup;
			children = (
				247A28791CBBF00E00B36879 /* Base */,
			);
			name = Main.storyboard;
			sourceTree = "<group>";
		};
		247A287D1CBBF00E00B36879 /* LaunchScreen.storyboard */ = {
			isa = PBXVariantGroup;
			children = (
				247A287E1CBBF00E00B36879 /* Base */,
			);
			name = LaunchScreen.storyboard;
			sourceTree = "<group>";
		};
/* End PBXVariantGroup section */

/* Begin XCBuildConfiguration section */
		247A28971CBBF00E00B36879 /* Debug */ = {
			isa = XCBuildConfiguration;
			buildSettings = {
				ALWAYS_SEARCH_USER_PATHS = NO;
				CLANG_ANALYZER_NONNULL = YES;
				CLANG_CXX_LANGUAGE_STANDARD = "gnu++0x";
				CLANG_CXX_LIBRARY = "libc++";
				CLANG_ENABLE_MODULES = YES;
				CLANG_ENABLE_OBJC_ARC = YES;
				CLANG_WARN_BOOL_CONVERSION = YES;
				CLANG_WARN_CONSTANT_CONVERSION = YES;
				CLANG_WARN_DIRECT_OBJC_ISA_USAGE = YES_ERROR;
				CLANG_WARN_EMPTY_BODY = YES;
				CLANG_WARN_ENUM_CONVERSION = YES;
				CLANG_WARN_INT_CONVERSION = YES;
				CLANG_WARN_OBJC_ROOT_CLASS = YES_ERROR;
				CLANG_WARN_UNREACHABLE_CODE = YES;
				CLANG_WARN__DUPLICATE_METHOD_MATCH = YES;
				"CODE_SIGN_IDENTITY[sdk=iphoneos*]" = "iPhone Developer";
				COPY_PHASE_STRIP = NO;
				DEBUG_INFORMATION_FORMAT = dwarf;
				ENABLE_STRICT_OBJC_MSGSEND = YES;
				ENABLE_TESTABILITY = YES;
				GCC_C_LANGUAGE_STANDARD = gnu99;
				GCC_DYNAMIC_NO_PIC = NO;
				GCC_NO_COMMON_BLOCKS = YES;
				GCC_OPTIMIZATION_LEVEL = 0;
				GCC_PREPROCESSOR_DEFINITIONS = (
					"DEBUG=1",
					"$(inherited)",
				);
				GCC_WARN_64_TO_32_BIT_CONVERSION = YES;
				GCC_WARN_ABOUT_RETURN_TYPE = YES_ERROR;
				GCC_WARN_UNDECLARED_SELECTOR = YES;
				GCC_WARN_UNINITIALIZED_AUTOS = YES_AGGRESSIVE;
				GCC_WARN_UNUSED_FUNCTION = YES;
				GCC_WARN_UNUSED_VARIABLE = YES;
				IPHONEOS_DEPLOYMENT_TARGET = 9.3;
				MTL_ENABLE_DEBUG_INFO = YES;
				ONLY_ACTIVE_ARCH = YES;
				SDKROOT = iphoneos;
				SWIFT_OPTIMIZATION_LEVEL = "-Onone";
				TARGETED_DEVICE_FAMILY = "1,2";
			};
			name = Debug;
		};
		247A28981CBBF00E00B36879 /* Release */ = {
			isa = XCBuildConfiguration;
			buildSettings = {
				ALWAYS_SEARCH_USER_PATHS = NO;
				CLANG_ANALYZER_NONNULL = YES;
				CLANG_CXX_LANGUAGE_STANDARD = "gnu++0x";
				CLANG_CXX_LIBRARY = "libc++";
				CLANG_ENABLE_MODULES = YES;
				CLANG_ENABLE_OBJC_ARC = YES;
				CLANG_WARN_BOOL_CONVERSION = YES;
				CLANG_WARN_CONSTANT_CONVERSION = YES;
				CLANG_WARN_DIRECT_OBJC_ISA_USAGE = YES_ERROR;
				CLANG_WARN_EMPTY_BODY = YES;
				CLANG_WARN_ENUM_CONVERSION = YES;
				CLANG_WARN_INT_CONVERSION = YES;
				CLANG_WARN_OBJC_ROOT_CLASS = YES_ERROR;
				CLANG_WARN_UNREACHABLE_CODE = YES;
				CLANG_WARN__DUPLICATE_METHOD_MATCH = YES;
				"CODE_SIGN_IDENTITY[sdk=iphoneos*]" = "iPhone Developer";
				COPY_PHASE_STRIP = NO;
				DEBUG_INFORMATION_FORMAT = "dwarf-with-dsym";
				ENABLE_NS_ASSERTIONS = NO;
				ENABLE_STRICT_OBJC_MSGSEND = YES;
				GCC_C_LANGUAGE_STANDARD = gnu99;
				GCC_NO_COMMON_BLOCKS = YES;
				GCC_WARN_64_TO_32_BIT_CONVERSION = YES;
				GCC_WARN_ABOUT_RETURN_TYPE = YES_ERROR;
				GCC_WARN_UNDECLARED_SELECTOR = YES;
				GCC_WARN_UNINITIALIZED_AUTOS = YES_AGGRESSIVE;
				GCC_WARN_UNUSED_FUNCTION = YES;
				GCC_WARN_UNUSED_VARIABLE = YES;
				IPHONEOS_DEPLOYMENT_TARGET = 9.3;
				MTL_ENABLE_DEBUG_INFO = NO;
				SDKROOT = iphoneos;
				TARGETED_DEVICE_FAMILY = "1,2";
				VALIDATE_PRODUCT = YES;
			};
			name = Release;
		};
		247A289A1CBBF00E00B36879 /* Debug */ = {
			isa = XCBuildConfiguration;
			buildSettings = {
				ASSETCATALOG_COMPILER_APPICON_NAME = AppIcon;
				INFOPLIST_FILE = AppFirst/Info.plist;
				LD_RUNPATH_SEARCH_PATHS = "$(inherited) @executable_path/Frameworks";
				PRODUCT_BUNDLE_IDENTIFIER = gits.unam.mx.AppFirst;
				PRODUCT_NAME = "$(TARGET_NAME)";
			};
			name = Debug;
		};
		247A289B1CBBF00E00B36879 /* Release */ = {
			isa = XCBuildConfiguration;
			buildSettings = {
				ASSETCATALOG_COMPILER_APPICON_NAME = AppIcon;
				INFOPLIST_FILE = AppFirst/Info.plist;
				LD_RUNPATH_SEARCH_PATHS = "$(inherited) @executable_path/Frameworks";
				PRODUCT_BUNDLE_IDENTIFIER = gits.unam.mx.AppFirst;
				PRODUCT_NAME = "$(TARGET_NAME)";
			};
			name = Release;
		};
		247A289D1CBBF00E00B36879 /* Debug */ = {
			isa = XCBuildConfiguration;
			buildSettings = {
				BUNDLE_LOADER = "$(TEST_HOST)";
				INFOPLIST_FILE = AppFirstTests/Info.plist;
				LD_RUNPATH_SEARCH_PATHS = "$(inherited) @executable_path/Frameworks @loader_path/Frameworks";
				PRODUCT_BUNDLE_IDENTIFIER = gits.unam.mx.AppFirstTests;
				PRODUCT_NAME = "$(TARGET_NAME)";
				TEST_HOST = "$(BUILT_PRODUCTS_DIR)/AppFirst.app/AppFirst";
			};
			name = Debug;
		};
		247A289E1CBBF00E00B36879 /* Release */ = {
			isa = XCBuildConfiguration;
			buildSettings = {
				BUNDLE_LOADER = "$(TEST_HOST)";
				INFOPLIST_FILE = AppFirstTests/Info.plist;
				LD_RUNPATH_SEARCH_PATHS = "$(inherited) @executable_path/Frameworks @loader_path/Frameworks";
				PRODUCT_BUNDLE_IDENTIFIER = gits.unam.mx.AppFirstTests;
				PRODUCT_NAME = "$(TARGET_NAME)";
				TEST_HOST = "$(BUILT_PRODUCTS_DIR)/AppFirst.app/AppFirst";
			};
			name = Release;
		};
		247A28A01CBBF00E00B36879 /* Debug */ = {
			isa = XCBuildConfiguration;
			buildSettings = {
				INFOPLIST_FILE = AppFirstUITests/Info.plist;
				LD_RUNPATH_SEARCH_PATHS = "$(inherited) @executable_path/Frameworks @loader_path/Frameworks";
				PRODUCT_BUNDLE_IDENTIFIER = gits.unam.mx.AppFirstUITests;
				PRODUCT_NAME = "$(TARGET_NAME)";
				TEST_TARGET_NAME = AppFirst;
			};
			name = Debug;
		};
		247A28A11CBBF00E00B36879 /* Release */ = {
			isa = XCBuildConfiguration;
			buildSettings = {
				INFOPLIST_FILE = AppFirstUITests/Info.plist;
				LD_RUNPATH_SEARCH_PATHS = "$(inherited) @executable_path/Frameworks @loader_path/Frameworks";
				PRODUCT_BUNDLE_IDENTIFIER = gits.unam.mx.AppFirstUITests;
				PRODUCT_NAME = "$(TARGET_NAME)";
				TEST_TARGET_NAME = AppFirst;
			};
			name = Release;
		};
/* End XCBuildConfiguration section */

/* Begin XCConfigurationList section */
		247A286C1CBBF00D00B36879 /* Build configuration list for PBXProject "AppFirst" */ = {
			isa = XCConfigurationList;
			buildConfigurations = (
				247A28971CBBF00E00B36879 /* Debug */,
				247A28981CBBF00E00B36879 /* Release */,
			);
			defaultConfigurationIsVisible = 0;
			defaultConfigurationName = Release;
		};
		247A28991CBBF00E00B36879 /* Build configuration list for PBXNativeTarget "AppFirst" */ = {
			isa = XCConfigurationList;
			buildConfigurations = (
				247A289A1CBBF00E00B36879 /* Debug */,
				247A289B1CBBF00E00B36879 /* Release */,
			);
			defaultConfigurationIsVisible = 0;
		};
		247A289C1CBBF00E00B36879 /* Build configuration list for PBXNativeTarget "AppFirstTests" */ = {
			isa = XCConfigurationList;
			buildConfigurations = (
				247A289D1CBBF00E00B36879 /* Debug */,
				247A289E1CBBF00E00B36879 /* Release */,
			);
			defaultConfigurationIsVisible = 0;
		};
		247A289F1CBBF00E00B36879 /* Build configuration list for PBXNativeTarget "AppFirstUITests" */ = {
			isa = XCConfigurationList;
			buildConfigurations = (
				247A28A01CBBF00E00B36879 /* Debug */,
				247A28A11CBBF00E00B36879 /* Release */,
			);
			defaultConfigurationIsVisible = 0;
		};
/* End XCConfigurationList section */
	};
	rootObject = 247A28691CBBF00D00B36879 /* Project object */;
}
